
Microsoft Visual Studio Solution File, Format Version 12.00
# Visual Studio Version 17
VisualStudioVersion = 17.11.35327.3
MinimumVisualStudioVersion = 10.0.40219.1
Project("{FAE04EC0-301F-11D3-BF4B-00C04F79EFBC}") = "ConsoleApp2", "ConsoleApp2\ConsoleApp2.csproj", "{E3D6A5B9-AE27-4C99-BC83-54B3997A0F2E}"
EndProject
Project("{FAE04EC0-301F-11D3-BF4B-00C04F79EFBC}") = "Zaddd 1", "Zaddd 1\Zaddd 1.csproj", "{050DBFCB-48EE-48A3-9070-428F31026CBC}"
EndProject
Project("{FAE04EC0-301F-11D3-BF4B-00C04F79EFBC}") = "Zadd 2", "Zadd 2\Zadd 2.csproj", "{9AA00B11-1761-4662-B06F-BD3875A6B686}"
EndProject
Global
	GlobalSection(SolutionConfigurationPlatforms) = preSolution
		Debug|Any CPU = Debug|Any CPU
		Release|Any CPU = Release|Any CPU
	EndGlobalSection
	GlobalSection(ProjectConfigurationPlatforms) = postSolution
		{E3D6A5B9-AE27-4C99-BC83-54B3997A0F2E}.Debug|Any CPU.ActiveCfg = Debug|Any CPU
		{E3D6A5B9-AE27-4C99-BC83-54B3997A0F2E}.Debug|Any CPU.Build.0 = Debug|Any CPU
		{E3D6A5B9-AE27-4C99-BC83-54B3997A0F2E}.Release|Any CPU.ActiveCfg = Release|Any CPU
		{E3D6A5B9-AE27-4C99-BC83-54B3997A0F2E}.Release|Any CPU.Build.0 = Release|Any CPU
		{050DBFCB-48EE-48A3-9070-428F31026CBC}.Debug|Any CPU.ActiveCfg = Debug|Any CPU
		{050DBFCB-48EE-48A3-9070-428F31026CBC}.Debug|Any CPU.Build.0 = Debug|Any CPU
		{050DBFCB-48EE-48A3-9070-428F31026CBC}.Release|Any CPU.ActiveCfg = Release|Any CPU
		{050DBFCB-48EE-48A3-9070-428F31026CBC}.Release|Any CPU.Build.0 = Release|Any CPU
		{9AA00B11-1761-4662-B06F-BD3875A6B686}.Debug|Any CPU.ActiveCfg = Debug|Any CPU
		{9AA00B11-1761-4662-B06F-BD3875A6B686}.Debug|Any CPU.Build.0 = Debug|Any CPU
		{9AA00B11-1761-4662-B06F-BD3875A6B686}.Release|Any CPU.ActiveCfg = Release|Any CPU
		{9AA00B11-1761-4662-B06F-BD3875A6B686}.Release|Any CPU.Build.0 = Release|Any CPU
	EndGlobalSection
	GlobalSection(SolutionProperties) = preSolution
		HideSolutionNode = FALSE
	EndGlobalSection
	GlobalSection(ExtensibilityGlobals) = postSolution
		SolutionGuid = {A4742DA3-4959-4E86-94F4-32B5C00277DB}
	EndGlobalSection
EndGlobal
